
Microsoft Visual Studio Solution File, Format Version 12.00
# Visual Studio Version 16
VisualStudioVersion = 16.0.30717.126
MinimumVisualStudioVersion = 10.0.40219.1
Project("{9A19103F-16F7-4668-BE54-9A1E7A4F7556}") = "Microservice", "Microservice\Microservice.csproj", "{C7E69480-0E75-4731-A777-113879E488B9}"
EndProject
Project("{FAE04EC0-301F-11D3-BF4B-00C04F79EFBC}") = "MetricsManagerTests", "MetricsManagerTests\MetricsManagerTests.csproj", "{79998DC0-89D7-47A3-A62B-0A122C0B4748}"
EndProject
Global
	GlobalSection(SolutionConfigurationPlatforms) = preSolution
		Debug|Any CPU = Debug|Any CPU
		Release|Any CPU = Release|Any CPU
	EndGlobalSection
	GlobalSection(ProjectConfigurationPlatforms) = postSolution
		{C7E69480-0E75-4731-A777-113879E488B9}.Debug|Any CPU.ActiveCfg = Debug|Any CPU
		{C7E69480-0E75-4731-A777-113879E488B9}.Debug|Any CPU.Build.0 = Debug|Any CPU
		{C7E69480-0E75-4731-A777-113879E488B9}.Release|Any CPU.ActiveCfg = Release|Any CPU
		{C7E69480-0E75-4731-A777-113879E488B9}.Release|Any CPU.Build.0 = Release|Any CPU
		{79998DC0-89D7-47A3-A62B-0A122C0B4748}.Debug|Any CPU.ActiveCfg = Debug|Any CPU
		{79998DC0-89D7-47A3-A62B-0A122C0B4748}.Debug|Any CPU.Build.0 = Debug|Any CPU
		{79998DC0-89D7-47A3-A62B-0A122C0B4748}.Release|Any CPU.ActiveCfg = Release|Any CPU
		{79998DC0-89D7-47A3-A62B-0A122C0B4748}.Release|Any CPU.Build.0 = Release|Any CPU
	EndGlobalSection
	GlobalSection(SolutionProperties) = preSolution
		HideSolutionNode = FALSE
	EndGlobalSection
	GlobalSection(ExtensibilityGlobals) = postSolution
		SolutionGuid = {2683CB75-4C59-4A2F-8498-AFE417208E0C}
	EndGlobalSection
EndGlobal
